// !$*UTF8*$!
{
	archiveVersion = 1;
	classes = {
	};
	objectVersion = 46;
	objects = {

/* Begin PBXBuildFile section */
		00321D3E1941256F0067A2DD /* CineRecordButtonView.m in Sources */ = {isa = PBXBuildFile; fileRef = 00321D3D1941256F0067A2DD /* CineRecordButtonView.m */; };
		006605851940D13200871ACE /* QuartzCore.framework in Frameworks */ = {isa = PBXBuildFile; fileRef = 006605841940D13200871ACE /* QuartzCore.framework */; };
		00AC3CFE19424A0A00475BE5 /* CineBroadcasterView.m in Sources */ = {isa = PBXBuildFile; fileRef = 00AC3CFD19424A0A00475BE5 /* CineBroadcasterView.m */; };
		00ADD8F5194BE05100EBD431 /* CineBroadcasterControlsView.m in Sources */ = {isa = PBXBuildFile; fileRef = 00ADD8F4194BE05100EBD431 /* CineBroadcasterControlsView.m */; };
		00C5E167193FB3AC009DA7B9 /* Foundation.framework in Frameworks */ = {isa = PBXBuildFile; fileRef = 00C5E166193FB3AC009DA7B9 /* Foundation.framework */; };
		00C5E169193FB3AC009DA7B9 /* CoreGraphics.framework in Frameworks */ = {isa = PBXBuildFile; fileRef = 00C5E168193FB3AC009DA7B9 /* CoreGraphics.framework */; };
		00C5E16B193FB3AC009DA7B9 /* UIKit.framework in Frameworks */ = {isa = PBXBuildFile; fileRef = 00C5E16A193FB3AC009DA7B9 /* UIKit.framework */; };
		00C5E171193FB3AC009DA7B9 /* InfoPlist.strings in Resources */ = {isa = PBXBuildFile; fileRef = 00C5E16F193FB3AC009DA7B9 /* InfoPlist.strings */; };
		00C5E173193FB3AC009DA7B9 /* main.m in Sources */ = {isa = PBXBuildFile; fileRef = 00C5E172193FB3AC009DA7B9 /* main.m */; };
		00C5E177193FB3AC009DA7B9 /* CineAppDelegate.m in Sources */ = {isa = PBXBuildFile; fileRef = 00C5E176193FB3AC009DA7B9 /* CineAppDelegate.m */; };
		00C5E17A193FB3AC009DA7B9 /* Main_iPhone.storyboard in Resources */ = {isa = PBXBuildFile; fileRef = 00C5E178193FB3AC009DA7B9 /* Main_iPhone.storyboard */; };
		00C5E17D193FB3AC009DA7B9 /* Main_iPad.storyboard in Resources */ = {isa = PBXBuildFile; fileRef = 00C5E17B193FB3AC009DA7B9 /* Main_iPad.storyboard */; };
		00C5E180193FB3AC009DA7B9 /* CineBroadcasterViewController.mm in Sources */ = {isa = PBXBuildFile; fileRef = 00C5E17F193FB3AC009DA7B9 /* CineBroadcasterViewController.mm */; };
		00C5E182193FB3AC009DA7B9 /* Images.xcassets in Resources */ = {isa = PBXBuildFile; fileRef = 00C5E181193FB3AC009DA7B9 /* Images.xcassets */; };
		00C5E189193FB3AC009DA7B9 /* XCTest.framework in Frameworks */ = {isa = PBXBuildFile; fileRef = 00C5E188193FB3AC009DA7B9 /* XCTest.framework */; };
		00C5E18A193FB3AC009DA7B9 /* Foundation.framework in Frameworks */ = {isa = PBXBuildFile; fileRef = 00C5E166193FB3AC009DA7B9 /* Foundation.framework */; };
		00C5E18B193FB3AC009DA7B9 /* UIKit.framework in Frameworks */ = {isa = PBXBuildFile; fileRef = 00C5E16A193FB3AC009DA7B9 /* UIKit.framework */; };
		00C5E193193FB3AC009DA7B9 /* InfoPlist.strings in Resources */ = {isa = PBXBuildFile; fileRef = 00C5E191193FB3AC009DA7B9 /* InfoPlist.strings */; };
		00C5E195193FB3AC009DA7B9 /* BroadcasterTests.m in Sources */ = {isa = PBXBuildFile; fileRef = 00C5E194193FB3AC009DA7B9 /* BroadcasterTests.m */; };
		00C5E19F193FB74B009DA7B9 /* Podfile in Resources */ = {isa = PBXBuildFile; fileRef = 00C5E19E193FB74B009DA7B9 /* Podfile */; };
		00C5E1A1193FB761009DA7B9 /* README.md in Resources */ = {isa = PBXBuildFile; fileRef = 00C5E1A0193FB761009DA7B9 /* README.md */; };
		00C5E1A3193FB8C2009DA7B9 /* cineio-settings.plist in Resources */ = {isa = PBXBuildFile; fileRef = 00C5E1A2193FB8C2009DA7B9 /* cineio-settings.plist */; };
		00C5E1A5193FB9EC009DA7B9 /* SAMPLE-cineio-settings.plist in Resources */ = {isa = PBXBuildFile; fileRef = 00C5E1A4193FB9EC009DA7B9 /* SAMPLE-cineio-settings.plist */; };
		00C5E1A9193FBE7A009DA7B9 /* CineBroadcasterPipeline.cpp in Sources */ = {isa = PBXBuildFile; fileRef = 00C5E1A7193FBE7A009DA7B9 /* CineBroadcasterPipeline.cpp */; };
		00C5E1AC193FC3F2009DA7B9 /* CinePixelBufferOutput.cpp in Sources */ = {isa = PBXBuildFile; fileRef = 00C5E1AA193FC3F2009DA7B9 /* CinePixelBufferOutput.cpp */; };
		F1B189ABA9E24A2C8C3F0B46 /* libPods.a in Frameworks */ = {isa = PBXBuildFile; fileRef = 8D51065605F54399B601FB91 /* libPods.a */; };
/* End PBXBuildFile section */

/* Begin PBXContainerItemProxy section */
		00C5E18C193FB3AC009DA7B9 /* PBXContainerItemProxy */ = {
			isa = PBXContainerItemProxy;
			containerPortal = 00C5E15B193FB3AC009DA7B9 /* Project object */;
			proxyType = 1;
			remoteGlobalIDString = 00C5E162193FB3AC009DA7B9;
			remoteInfo = Broadcaster;
		};
/* End PBXContainerItemProxy section */

/* Begin PBXFileReference section */
		0025956619512A60005E2510 /* CineBroadcasterProtocol.h */ = {isa = PBXFileReference; lastKnownFileType = sourcecode.c.h; path = CineBroadcasterProtocol.h; sourceTree = "<group>"; };
		00321D3C1941256F0067A2DD /* CineRecordButtonView.h */ = {isa = PBXFileReference; fileEncoding = 4; lastKnownFileType = sourcecode.c.h; path = CineRecordButtonView.h; sourceTree = "<group>"; };
		00321D3D1941256F0067A2DD /* CineRecordButtonView.m */ = {isa = PBXFileReference; fileEncoding = 4; lastKnownFileType = sourcecode.c.objc; path = CineRecordButtonView.m; sourceTree = "<group>"; };
		006605841940D13200871ACE /* QuartzCore.framework */ = {isa = PBXFileReference; lastKnownFileType = wrapper.framework; name = QuartzCore.framework; path = System/Library/Frameworks/QuartzCore.framework; sourceTree = SDKROOT; };
		00AC3CFC19424A0A00475BE5 /* CineBroadcasterView.h */ = {isa = PBXFileReference; fileEncoding = 4; lastKnownFileType = sourcecode.c.h; path = CineBroadcasterView.h; sourceTree = "<group>"; };
		00AC3CFD19424A0A00475BE5 /* CineBroadcasterView.m */ = {isa = PBXFileReference; fileEncoding = 4; lastKnownFileType = sourcecode.c.objc; path = CineBroadcasterView.m; sourceTree = "<group>"; };
		00ADD8F3194BE05100EBD431 /* CineBroadcasterControlsView.h */ = {isa = PBXFileReference; fileEncoding = 4; lastKnownFileType = sourcecode.c.h; path = CineBroadcasterControlsView.h; sourceTree = "<group>"; };
		00ADD8F4194BE05100EBD431 /* CineBroadcasterControlsView.m */ = {isa = PBXFileReference; fileEncoding = 4; lastKnownFileType = sourcecode.c.objc; path = CineBroadcasterControlsView.m; sourceTree = "<group>"; };
		00C5E163193FB3AC009DA7B9 /* Broadcaster.app */ = {isa = PBXFileReference; explicitFileType = wrapper.application; includeInIndex = 0; path = Broadcaster.app; sourceTree = BUILT_PRODUCTS_DIR; };
		00C5E166193FB3AC009DA7B9 /* Foundation.framework */ = {isa = PBXFileReference; lastKnownFileType = wrapper.framework; name = Foundation.framework; path = System/Library/Frameworks/Foundation.framework; sourceTree = SDKROOT; };
		00C5E168193FB3AC009DA7B9 /* CoreGraphics.framework */ = {isa = PBXFileReference; lastKnownFileType = wrapper.framework; name = CoreGraphics.framework; path = System/Library/Frameworks/CoreGraphics.framework; sourceTree = SDKROOT; };
		00C5E16A193FB3AC009DA7B9 /* UIKit.framework */ = {isa = PBXFileReference; lastKnownFileType = wrapper.framework; name = UIKit.framework; path = System/Library/Frameworks/UIKit.framework; sourceTree = SDKROOT; };
		00C5E16E193FB3AC009DA7B9 /* Broadcaster-Info.plist */ = {isa = PBXFileReference; lastKnownFileType = text.plist.xml; path = "Broadcaster-Info.plist"; sourceTree = "<group>"; };
		00C5E170193FB3AC009DA7B9 /* en */ = {isa = PBXFileReference; lastKnownFileType = text.plist.strings; name = en; path = en.lproj/InfoPlist.strings; sourceTree = "<group>"; };
		00C5E172193FB3AC009DA7B9 /* main.m */ = {isa = PBXFileReference; lastKnownFileType = sourcecode.c.objc; path = main.m; sourceTree = "<group>"; };
		00C5E174193FB3AC009DA7B9 /* Broadcaster-Prefix.pch */ = {isa = PBXFileReference; lastKnownFileType = sourcecode.c.h; path = "Broadcaster-Prefix.pch"; sourceTree = "<group>"; };
		00C5E175193FB3AC009DA7B9 /* CineAppDelegate.h */ = {isa = PBXFileReference; lastKnownFileType = sourcecode.c.h; path = CineAppDelegate.h; sourceTree = "<group>"; };
		00C5E176193FB3AC009DA7B9 /* CineAppDelegate.m */ = {isa = PBXFileReference; lastKnownFileType = sourcecode.c.objc; path = CineAppDelegate.m; sourceTree = "<group>"; };
		00C5E179193FB3AC009DA7B9 /* Base */ = {isa = PBXFileReference; lastKnownFileType = file.storyboard; name = Base; path = Base.lproj/Main_iPhone.storyboard; sourceTree = "<group>"; };
		00C5E17C193FB3AC009DA7B9 /* Base */ = {isa = PBXFileReference; lastKnownFileType = file.storyboard; name = Base; path = Base.lproj/Main_iPad.storyboard; sourceTree = "<group>"; };
		00C5E17E193FB3AC009DA7B9 /* CineBroadcasterViewController.h */ = {isa = PBXFileReference; lastKnownFileType = sourcecode.c.h; path = CineBroadcasterViewController.h; sourceTree = "<group>"; };
		00C5E17F193FB3AC009DA7B9 /* CineBroadcasterViewController.mm */ = {isa = PBXFileReference; lastKnownFileType = sourcecode.cpp.objcpp; path = CineBroadcasterViewController.mm; sourceTree = "<group>"; };
		00C5E181193FB3AC009DA7B9 /* Images.xcassets */ = {isa = PBXFileReference; lastKnownFileType = folder.assetcatalog; path = Images.xcassets; sourceTree = "<group>"; };
		00C5E187193FB3AC009DA7B9 /* BroadcasterTests.xctest */ = {isa = PBXFileReference; explicitFileType = wrapper.cfbundle; includeInIndex = 0; path = BroadcasterTests.xctest; sourceTree = BUILT_PRODUCTS_DIR; };
		00C5E188193FB3AC009DA7B9 /* XCTest.framework */ = {isa = PBXFileReference; lastKnownFileType = wrapper.framework; name = XCTest.framework; path = Library/Frameworks/XCTest.framework; sourceTree = DEVELOPER_DIR; };
		00C5E190193FB3AC009DA7B9 /* BroadcasterTests-Info.plist */ = {isa = PBXFileReference; lastKnownFileType = text.plist.xml; path = "BroadcasterTests-Info.plist"; sourceTree = "<group>"; };
		00C5E192193FB3AC009DA7B9 /* en */ = {isa = PBXFileReference; lastKnownFileType = text.plist.strings; name = en; path = en.lproj/InfoPlist.strings; sourceTree = "<group>"; };
		00C5E194193FB3AC009DA7B9 /* BroadcasterTests.m */ = {isa = PBXFileReference; lastKnownFileType = sourcecode.c.objc; path = BroadcasterTests.m; sourceTree = "<group>"; };
		00C5E19E193FB74B009DA7B9 /* Podfile */ = {isa = PBXFileReference; fileEncoding = 4; lastKnownFileType = text; path = Podfile; sourceTree = "<group>"; xcLanguageSpecificationIdentifier = xcode.lang.ruby; };
		00C5E1A0193FB761009DA7B9 /* README.md */ = {isa = PBXFileReference; fileEncoding = 4; lastKnownFileType = text; name = README.md; path = ../README.md; sourceTree = "<group>"; };
		00C5E1A2193FB8C2009DA7B9 /* cineio-settings.plist */ = {isa = PBXFileReference; fileEncoding = 4; lastKnownFileType = text.plist.xml; path = "cineio-settings.plist"; sourceTree = "<group>"; };
		00C5E1A4193FB9EC009DA7B9 /* SAMPLE-cineio-settings.plist */ = {isa = PBXFileReference; lastKnownFileType = text.plist; path = "SAMPLE-cineio-settings.plist"; sourceTree = "<group>"; };
		00C5E1A7193FBE7A009DA7B9 /* CineBroadcasterPipeline.cpp */ = {isa = PBXFileReference; fileEncoding = 4; lastKnownFileType = sourcecode.cpp.cpp; path = CineBroadcasterPipeline.cpp; sourceTree = "<group>"; };
		00C5E1A8193FBE7A009DA7B9 /* CineBroadcasterPipeline.h */ = {isa = PBXFileReference; fileEncoding = 4; lastKnownFileType = sourcecode.c.h; path = CineBroadcasterPipeline.h; sourceTree = "<group>"; };
		00C5E1AA193FC3F2009DA7B9 /* CinePixelBufferOutput.cpp */ = {isa = PBXFileReference; fileEncoding = 4; lastKnownFileType = sourcecode.cpp.cpp; path = CinePixelBufferOutput.cpp; sourceTree = "<group>"; };
		00C5E1AB193FC3F2009DA7B9 /* CinePixelBufferOutput.h */ = {isa = PBXFileReference; fileEncoding = 4; lastKnownFileType = sourcecode.c.h; path = CinePixelBufferOutput.h; sourceTree = "<group>"; };
		8D51065605F54399B601FB91 /* libPods.a */ = {isa = PBXFileReference; explicitFileType = archive.ar; includeInIndex = 0; path = libPods.a; sourceTree = BUILT_PRODUCTS_DIR; };
		93DBB47F29D94692A4DACA20 /* Pods.xcconfig */ = {isa = PBXFileReference; includeInIndex = 1; lastKnownFileType = text.xcconfig; name = Pods.xcconfig; path = Pods/Pods.xcconfig; sourceTree = "<group>"; };
/* End PBXFileReference section */

/* Begin PBXFrameworksBuildPhase section */
		00C5E160193FB3AC009DA7B9 /* Frameworks */ = {
			isa = PBXFrameworksBuildPhase;
			buildActionMask = 2147483647;
			files = (
				006605851940D13200871ACE /* QuartzCore.framework in Frameworks */,
				00C5E169193FB3AC009DA7B9 /* CoreGraphics.framework in Frameworks */,
				00C5E16B193FB3AC009DA7B9 /* UIKit.framework in Frameworks */,
				00C5E167193FB3AC009DA7B9 /* Foundation.framework in Frameworks */,
				F1B189ABA9E24A2C8C3F0B46 /* libPods.a in Frameworks */,
			);
			runOnlyForDeploymentPostprocessing = 0;
		};
		00C5E184193FB3AC009DA7B9 /* Frameworks */ = {
			isa = PBXFrameworksBuildPhase;
			buildActionMask = 2147483647;
			files = (
				00C5E189193FB3AC009DA7B9 /* XCTest.framework in Frameworks */,
				00C5E18B193FB3AC009DA7B9 /* UIKit.framework in Frameworks */,
				00C5E18A193FB3AC009DA7B9 /* Foundation.framework in Frameworks */,
			);
			runOnlyForDeploymentPostprocessing = 0;
		};
/* End PBXFrameworksBuildPhase section */

/* Begin PBXGroup section */
		00C5E15A193FB3AC009DA7B9 = {
			isa = PBXGroup;
			children = (
				00C5E1A0193FB761009DA7B9 /* README.md */,
				00C5E19E193FB74B009DA7B9 /* Podfile */,
				00C5E16C193FB3AC009DA7B9 /* Broadcaster */,
				00C5E18E193FB3AC009DA7B9 /* BroadcasterTests */,
				00C5E165193FB3AC009DA7B9 /* Frameworks */,
				00C5E164193FB3AC009DA7B9 /* Products */,
				93DBB47F29D94692A4DACA20 /* Pods.xcconfig */,
			);
			sourceTree = "<group>";
		};
		00C5E164193FB3AC009DA7B9 /* Products */ = {
			isa = PBXGroup;
			children = (
				00C5E163193FB3AC009DA7B9 /* Broadcaster.app */,
				00C5E187193FB3AC009DA7B9 /* BroadcasterTests.xctest */,
			);
			name = Products;
			sourceTree = "<group>";
		};
		00C5E165193FB3AC009DA7B9 /* Frameworks */ = {
			isa = PBXGroup;
			children = (
				006605841940D13200871ACE /* QuartzCore.framework */,
				00C5E166193FB3AC009DA7B9 /* Foundation.framework */,
				00C5E168193FB3AC009DA7B9 /* CoreGraphics.framework */,
				00C5E16A193FB3AC009DA7B9 /* UIKit.framework */,
				00C5E188193FB3AC009DA7B9 /* XCTest.framework */,
				8D51065605F54399B601FB91 /* libPods.a */,
			);
			name = Frameworks;
			sourceTree = "<group>";
		};
		00C5E16C193FB3AC009DA7B9 /* Broadcaster */ = {
			isa = PBXGroup;
			children = (
				00C5E175193FB3AC009DA7B9 /* CineAppDelegate.h */,
				00C5E176193FB3AC009DA7B9 /* CineAppDelegate.m */,
				00C5E178193FB3AC009DA7B9 /* Main_iPhone.storyboard */,
				00C5E17B193FB3AC009DA7B9 /* Main_iPad.storyboard */,
				00C5E1AB193FC3F2009DA7B9 /* CinePixelBufferOutput.h */,
				00C5E1AA193FC3F2009DA7B9 /* CinePixelBufferOutput.cpp */,
				00C5E1A8193FBE7A009DA7B9 /* CineBroadcasterPipeline.h */,
				00C5E1A7193FBE7A009DA7B9 /* CineBroadcasterPipeline.cpp */,
				00321D3C1941256F0067A2DD /* CineRecordButtonView.h */,
				00321D3D1941256F0067A2DD /* CineRecordButtonView.m */,
				00ADD8F3194BE05100EBD431 /* CineBroadcasterControlsView.h */,
				00ADD8F4194BE05100EBD431 /* CineBroadcasterControlsView.m */,
				00AC3CFC19424A0A00475BE5 /* CineBroadcasterView.h */,
				00AC3CFD19424A0A00475BE5 /* CineBroadcasterView.m */,
				00C5E17E193FB3AC009DA7B9 /* CineBroadcasterViewController.h */,
				00C5E17F193FB3AC009DA7B9 /* CineBroadcasterViewController.mm */,
				0025956619512A60005E2510 /* CineBroadcasterProtocol.h */,
				00C5E181193FB3AC009DA7B9 /* Images.xcassets */,
				00C5E16D193FB3AC009DA7B9 /* Supporting Files */,
			);
			path = Broadcaster;
			sourceTree = "<group>";
		};
		00C5E16D193FB3AC009DA7B9 /* Supporting Files */ = {
			isa = PBXGroup;
			children = (
				00C5E16E193FB3AC009DA7B9 /* Broadcaster-Info.plist */,
				00C5E16F193FB3AC009DA7B9 /* InfoPlist.strings */,
				00C5E172193FB3AC009DA7B9 /* main.m */,
				00C5E174193FB3AC009DA7B9 /* Broadcaster-Prefix.pch */,
				00C5E1A4193FB9EC009DA7B9 /* SAMPLE-cineio-settings.plist */,
				00C5E1A2193FB8C2009DA7B9 /* cineio-settings.plist */,
			);
			name = "Supporting Files";
			sourceTree = "<group>";
		};
		00C5E18E193FB3AC009DA7B9 /* BroadcasterTests */ = {
			isa = PBXGroup;
			children = (
				00C5E194193FB3AC009DA7B9 /* BroadcasterTests.m */,
				00C5E18F193FB3AC009DA7B9 /* Supporting Files */,
			);
			path = BroadcasterTests;
			sourceTree = "<group>";
		};
		00C5E18F193FB3AC009DA7B9 /* Supporting Files */ = {
			isa = PBXGroup;
			children = (
				00C5E190193FB3AC009DA7B9 /* BroadcasterTests-Info.plist */,
				00C5E191193FB3AC009DA7B9 /* InfoPlist.strings */,
			);
			name = "Supporting Files";
			sourceTree = "<group>";
		};
/* End PBXGroup section */

/* Begin PBXNativeTarget section */
		00C5E162193FB3AC009DA7B9 /* Broadcaster */ = {
			isa = PBXNativeTarget;
			buildConfigurationList = 00C5E198193FB3AC009DA7B9 /* Build configuration list for PBXNativeTarget "Broadcaster" */;
			buildPhases = (
				337577DD23AF49F8B2A91D9E /* Check Pods Manifest.lock */,
				00C5E15F193FB3AC009DA7B9 /* Sources */,
				00C5E160193FB3AC009DA7B9 /* Frameworks */,
				00C5E161193FB3AC009DA7B9 /* Resources */,
				E5BEB6DC29764CAA861D8018 /* Copy Pods Resources */,
			);
			buildRules = (
			);
			dependencies = (
			);
			name = Broadcaster;
			productName = Broadcaster;
			productReference = 00C5E163193FB3AC009DA7B9 /* Broadcaster.app */;
			productType = "com.apple.product-type.application";
		};
		00C5E186193FB3AC009DA7B9 /* BroadcasterTests */ = {
			isa = PBXNativeTarget;
			buildConfigurationList = 00C5E19B193FB3AC009DA7B9 /* Build configuration list for PBXNativeTarget "BroadcasterTests" */;
			buildPhases = (
				00C5E183193FB3AC009DA7B9 /* Sources */,
				00C5E184193FB3AC009DA7B9 /* Frameworks */,
				00C5E185193FB3AC009DA7B9 /* Resources */,
			);
			buildRules = (
			);
			dependencies = (
				00C5E18D193FB3AC009DA7B9 /* PBXTargetDependency */,
			);
			name = BroadcasterTests;
			productName = BroadcasterTests;
			productReference = 00C5E187193FB3AC009DA7B9 /* BroadcasterTests.xctest */;
			productType = "com.apple.product-type.bundle.unit-test";
		};
/* End PBXNativeTarget section */

/* Begin PBXProject section */
		00C5E15B193FB3AC009DA7B9 /* Project object */ = {
			isa = PBXProject;
			attributes = {
				CLASSPREFIX = Cine;
				LastUpgradeCheck = 0510;
				ORGANIZATIONNAME = cine.io;
				TargetAttributes = {
					00C5E186193FB3AC009DA7B9 = {
						TestTargetID = 00C5E162193FB3AC009DA7B9;
					};
				};
			};
			buildConfigurationList = 00C5E15E193FB3AC009DA7B9 /* Build configuration list for PBXProject "Broadcaster" */;
			compatibilityVersion = "Xcode 3.2";
			developmentRegion = English;
			hasScannedForEncodings = 0;
			knownRegions = (
				en,
				Base,
			);
			mainGroup = 00C5E15A193FB3AC009DA7B9;
			productRefGroup = 00C5E164193FB3AC009DA7B9 /* Products */;
			projectDirPath = "";
			projectRoot = "";
			targets = (
				00C5E162193FB3AC009DA7B9 /* Broadcaster */,
				00C5E186193FB3AC009DA7B9 /* BroadcasterTests */,
			);
		};
/* End PBXProject section */

/* Begin PBXResourcesBuildPhase section */
		00C5E161193FB3AC009DA7B9 /* Resources */ = {
			isa = PBXResourcesBuildPhase;
			buildActionMask = 2147483647;
			files = (
				00C5E1A1193FB761009DA7B9 /* README.md in Resources */,
				00C5E19F193FB74B009DA7B9 /* Podfile in Resources */,
				00C5E1A5193FB9EC009DA7B9 /* SAMPLE-cineio-settings.plist in Resources */,
				00C5E17D193FB3AC009DA7B9 /* Main_iPad.storyboard in Resources */,
				00C5E182193FB3AC009DA7B9 /* Images.xcassets in Resources */,
				00C5E17A193FB3AC009DA7B9 /* Main_iPhone.storyboard in Resources */,
				00C5E1A3193FB8C2009DA7B9 /* cineio-settings.plist in Resources */,
				00C5E171193FB3AC009DA7B9 /* InfoPlist.strings in Resources */,
			);
			runOnlyForDeploymentPostprocessing = 0;
		};
		00C5E185193FB3AC009DA7B9 /* Resources */ = {
			isa = PBXResourcesBuildPhase;
			buildActionMask = 2147483647;
			files = (
				00C5E193193FB3AC009DA7B9 /* InfoPlist.strings in Resources */,
			);
			runOnlyForDeploymentPostprocessing = 0;
		};
/* End PBXResourcesBuildPhase section */

/* Begin PBXShellScriptBuildPhase section */
		337577DD23AF49F8B2A91D9E /* Check Pods Manifest.lock */ = {
			isa = PBXShellScriptBuildPhase;
			buildActionMask = 2147483647;
			files = (
			);
			inputPaths = (
			);
			name = "Check Pods Manifest.lock";
			outputPaths = (
			);
			runOnlyForDeploymentPostprocessing = 0;
			shellPath = /bin/sh;
			shellScript = "diff \"${PODS_ROOT}/../Podfile.lock\" \"${PODS_ROOT}/Manifest.lock\" > /dev/null\nif [[ $? != 0 ]] ; then\n    cat << EOM\nerror: The sandbox is not in sync with the Podfile.lock. Run 'pod install' or update your CocoaPods installation.\nEOM\n    exit 1\nfi\n";
			showEnvVarsInLog = 0;
		};
		E5BEB6DC29764CAA861D8018 /* Copy Pods Resources */ = {
			isa = PBXShellScriptBuildPhase;
			buildActionMask = 2147483647;
			files = (
			);
			inputPaths = (
			);
			name = "Copy Pods Resources";
			outputPaths = (
			);
			runOnlyForDeploymentPostprocessing = 0;
			shellPath = /bin/sh;
			shellScript = "\"${SRCROOT}/Pods/Pods-resources.sh\"\n";
			showEnvVarsInLog = 0;
		};
/* End PBXShellScriptBuildPhase section */

/* Begin PBXSourcesBuildPhase section */
		00C5E15F193FB3AC009DA7B9 /* Sources */ = {
			isa = PBXSourcesBuildPhase;
			buildActionMask = 2147483647;
			files = (
				00C5E180193FB3AC009DA7B9 /* CineBroadcasterViewController.mm in Sources */,
				00C5E173193FB3AC009DA7B9 /* main.m in Sources */,
				00AC3CFE19424A0A00475BE5 /* CineBroadcasterView.m in Sources */,
				00ADD8F5194BE05100EBD431 /* CineBroadcasterControlsView.m in Sources */,
				00C5E1AC193FC3F2009DA7B9 /* CinePixelBufferOutput.cpp in Sources */,
				00C5E177193FB3AC009DA7B9 /* CineAppDelegate.m in Sources */,
				00321D3E1941256F0067A2DD /* CineRecordButtonView.m in Sources */,
				00C5E1A9193FBE7A009DA7B9 /* CineBroadcasterPipeline.cpp in Sources */,
			);
			runOnlyForDeploymentPostprocessing = 0;
		};
		00C5E183193FB3AC009DA7B9 /* Sources */ = {
			isa = PBXSourcesBuildPhase;
			buildActionMask = 2147483647;
			files = (
				00C5E195193FB3AC009DA7B9 /* BroadcasterTests.m in Sources */,
			);
			runOnlyForDeploymentPostprocessing = 0;
		};
/* End PBXSourcesBuildPhase section */

/* Begin PBXTargetDependency section */
		00C5E18D193FB3AC009DA7B9 /* PBXTargetDependency */ = {
			isa = PBXTargetDependency;
			target = 00C5E162193FB3AC009DA7B9 /* Broadcaster */;
			targetProxy = 00C5E18C193FB3AC009DA7B9 /* PBXContainerItemProxy */;
		};
/* End PBXTargetDependency section */

/* Begin PBXVariantGroup section */
		00C5E16F193FB3AC009DA7B9 /* InfoPlist.strings */ = {
			isa = PBXVariantGroup;
			children = (
				00C5E170193FB3AC009DA7B9 /* en */,
			);
			name = InfoPlist.strings;
			sourceTree = "<group>";
		};
		00C5E178193FB3AC009DA7B9 /* Main_iPhone.storyboard */ = {
			isa = PBXVariantGroup;
			children = (
				00C5E179193FB3AC009DA7B9 /* Base */,
			);
			name = Main_iPhone.storyboard;
			sourceTree = "<group>";
		};
		00C5E17B193FB3AC009DA7B9 /* Main_iPad.storyboard */ = {
			isa = PBXVariantGroup;
			children = (
				00C5E17C193FB3AC009DA7B9 /* Base */,
			);
			name = Main_iPad.storyboard;
			sourceTree = "<group>";
		};
		00C5E191193FB3AC009DA7B9 /* InfoPlist.strings */ = {
			isa = PBXVariantGroup;
			children = (
				00C5E192193FB3AC009DA7B9 /* en */,
			);
			name = InfoPlist.strings;
			sourceTree = "<group>";
		};
/* End PBXVariantGroup section */

/* Begin XCBuildConfiguration section */
		00C5E196193FB3AC009DA7B9 /* Debug */ = {
			isa = XCBuildConfiguration;
			buildSettings = {
				ALWAYS_SEARCH_USER_PATHS = NO;
				CLANG_CXX_LANGUAGE_STANDARD = "gnu++0x";
				CLANG_CXX_LIBRARY = "libc++";
				CLANG_ENABLE_MODULES = YES;
				CLANG_ENABLE_OBJC_ARC = YES;
				CLANG_WARN_BOOL_CONVERSION = YES;
				CLANG_WARN_CONSTANT_CONVERSION = YES;
				CLANG_WARN_DIRECT_OBJC_ISA_USAGE = YES_ERROR;
				CLANG_WARN_EMPTY_BODY = YES;
				CLANG_WARN_ENUM_CONVERSION = YES;
				CLANG_WARN_INT_CONVERSION = YES;
				CLANG_WARN_OBJC_ROOT_CLASS = YES_ERROR;
				CLANG_WARN__DUPLICATE_METHOD_MATCH = YES;
				"CODE_SIGN_IDENTITY[sdk=iphoneos*]" = "iPhone Developer";
				COPY_PHASE_STRIP = NO;
				GCC_C_LANGUAGE_STANDARD = gnu99;
				GCC_DYNAMIC_NO_PIC = NO;
				GCC_OPTIMIZATION_LEVEL = 0;
				GCC_PREPROCESSOR_DEFINITIONS = (
					"DEBUG=1",
					"$(inherited)",
				);
				GCC_SYMBOLS_PRIVATE_EXTERN = NO;
				GCC_WARN_64_TO_32_BIT_CONVERSION = YES;
				GCC_WARN_ABOUT_RETURN_TYPE = YES_ERROR;
				GCC_WARN_UNDECLARED_SELECTOR = YES;
				GCC_WARN_UNINITIALIZED_AUTOS = YES_AGGRESSIVE;
				GCC_WARN_UNUSED_FUNCTION = YES;
				GCC_WARN_UNUSED_VARIABLE = YES;
				IPHONEOS_DEPLOYMENT_TARGET = 7.1;
				ONLY_ACTIVE_ARCH = YES;
				SDKROOT = iphoneos;
				TARGETED_DEVICE_FAMILY = "1,2";
			};
			name = Debug;
		};
		00C5E197193FB3AC009DA7B9 /* Release */ = {
			isa = XCBuildConfiguration;
			buildSettings = {
				ALWAYS_SEARCH_USER_PATHS = NO;
				CLANG_CXX_LANGUAGE_STANDARD = "gnu++0x";
				CLANG_CXX_LIBRARY = "libc++";
				CLANG_ENABLE_MODULES = YES;
				CLANG_ENABLE_OBJC_ARC = YES;
				CLANG_WARN_BOOL_CONVERSION = YES;
				CLANG_WARN_CONSTANT_CONVERSION = YES;
				CLANG_WARN_DIRECT_OBJC_ISA_USAGE = YES_ERROR;
				CLANG_WARN_EMPTY_BODY = YES;
				CLANG_WARN_ENUM_CONVERSION = YES;
				CLANG_WARN_INT_CONVERSION = YES;
				CLANG_WARN_OBJC_ROOT_CLASS = YES_ERROR;
				CLANG_WARN__DUPLICATE_METHOD_MATCH = YES;
				"CODE_SIGN_IDENTITY[sdk=iphoneos*]" = "iPhone Developer";
				COPY_PHASE_STRIP = YES;
				ENABLE_NS_ASSERTIONS = NO;
				GCC_C_LANGUAGE_STANDARD = gnu99;
				GCC_WARN_64_TO_32_BIT_CONVERSION = YES;
				GCC_WARN_ABOUT_RETURN_TYPE = YES_ERROR;
				GCC_WARN_UNDECLARED_SELECTOR = YES;
				GCC_WARN_UNINITIALIZED_AUTOS = YES_AGGRESSIVE;
				GCC_WARN_UNUSED_FUNCTION = YES;
				GCC_WARN_UNUSED_VARIABLE = YES;
				IPHONEOS_DEPLOYMENT_TARGET = 7.1;
				SDKROOT = iphoneos;
				TARGETED_DEVICE_FAMILY = "1,2";
				VALIDATE_PRODUCT = YES;
			};
			name = Release;
		};
		00C5E199193FB3AC009DA7B9 /* Debug */ = {
			isa = XCBuildConfiguration;
			baseConfigurationReference = 93DBB47F29D94692A4DACA20 /* Pods.xcconfig */;
			buildSettings = {
				ASSETCATALOG_COMPILER_APPICON_NAME = AppIcon;
				ASSETCATALOG_COMPILER_LAUNCHIMAGE_NAME = LaunchImage;
				GCC_PRECOMPILE_PREFIX_HEADER = YES;
				GCC_PREFIX_HEADER = "Broadcaster/Broadcaster-Prefix.pch";
				INFOPLIST_FILE = "Broadcaster/Broadcaster-Info.plist";
				OTHER_LDFLAGS = (
					"-ObjC",
					"-framework",
					AVFoundation,
					"-framework",
					AudioToolbox,
					"-framework",
					CFNetwork,
					"-framework",
					CoreGraphics,
					"-framework",
					CoreMedia,
					"-framework",
					CoreVideo,
					"-framework",
					Foundation,
					"-framework",
					MobileCoreServices,
					"-framework",
					OpenGLES,
					"-framework",
					Security,
					"-framework",
					SystemConfiguration,
					"-lstdc++",
				);
				PRODUCT_NAME = "$(TARGET_NAME)";
				WRAPPER_EXTENSION = app;
			};
			name = Debug;
		};
		00C5E19A193FB3AC009DA7B9 /* Release */ = {
			isa = XCBuildConfiguration;
			baseConfigurationReference = 93DBB47F29D94692A4DACA20 /* Pods.xcconfig */;
			buildSettings = {
				ASSETCATALOG_COMPILER_APPICON_NAME = AppIcon;
				ASSETCATALOG_COMPILER_LAUNCHIMAGE_NAME = LaunchImage;
				GCC_PRECOMPILE_PREFIX_HEADER = YES;
				GCC_PREFIX_HEADER = "Broadcaster/Broadcaster-Prefix.pch";
				INFOPLIST_FILE = "Broadcaster/Broadcaster-Info.plist";
				OTHER_LDFLAGS = (
					"-ObjC",
					"-framework",
					AVFoundation,
					"-framework",
					AudioToolbox,
					"-framework",
					CFNetwork,
					"-framework",
					CoreGraphics,
					"-framework",
					CoreMedia,
					"-framework",
					CoreVideo,
					"-framework",
					Foundation,
					"-framework",
					MobileCoreServices,
					"-framework",
					OpenGLES,
					"-framework",
					Security,
					"-framework",
					SystemConfiguration,
					"-lstdc++",
				);
				PRODUCT_NAME = "$(TARGET_NAME)";
				WRAPPER_EXTENSION = app;
			};
			name = Release;
		};
		00C5E19C193FB3AC009DA7B9 /* Debug */ = {
			isa = XCBuildConfiguration;
			buildSettings = {
				BUNDLE_LOADER = "$(BUILT_PRODUCTS_DIR)/Broadcaster.app/Broadcaster";
				FRAMEWORK_SEARCH_PATHS = (
					"$(SDKROOT)/Developer/Library/Frameworks",
					"$(inherited)",
					"$(DEVELOPER_FRAMEWORKS_DIR)",
				);
				GCC_PRECOMPILE_PREFIX_HEADER = YES;
				GCC_PREFIX_HEADER = "Broadcaster/Broadcaster-Prefix.pch";
				GCC_PREPROCESSOR_DEFINITIONS = (
					"DEBUG=1",
					"$(inherited)",
				);
				INFOPLIST_FILE = "BroadcasterTests/BroadcasterTests-Info.plist";
				PRODUCT_NAME = "$(TARGET_NAME)";
				TEST_HOST = "$(BUNDLE_LOADER)";
				WRAPPER_EXTENSION = xctest;
			};
			name = Debug;
		};
		00C5E19D193FB3AC009DA7B9 /* Release */ = {
			isa = XCBuildConfiguration;
			buildSettings = {
				BUNDLE_LOADER = "$(BUILT_PRODUCTS_DIR)/Broadcaster.app/Broadcaster";
				FRAMEWORK_SEARCH_PATHS = (
					"$(SDKROOT)/Developer/Library/Frameworks",
					"$(inherited)",
					"$(DEVELOPER_FRAMEWORKS_DIR)",
				);
				GCC_PRECOMPILE_PREFIX_HEADER = YES;
				GCC_PREFIX_HEADER = "Broadcaster/Broadcaster-Prefix.pch";
				INFOPLIST_FILE = "BroadcasterTests/BroadcasterTests-Info.plist";
				PRODUCT_NAME = "$(TARGET_NAME)";
				TEST_HOST = "$(BUNDLE_LOADER)";
				WRAPPER_EXTENSION = xctest;
			};
			name = Release;
		};
/* End XCBuildConfiguration section */

/* Begin XCConfigurationList section */
		00C5E15E193FB3AC009DA7B9 /* Build configuration list for PBXProject "Broadcaster" */ = {
			isa = XCConfigurationList;
			buildConfigurations = (
				00C5E196193FB3AC009DA7B9 /* Debug */,
				00C5E197193FB3AC009DA7B9 /* Release */,
			);
			defaultConfigurationIsVisible = 0;
			defaultConfigurationName = Release;
		};
		00C5E198193FB3AC009DA7B9 /* Build configuration list for PBXNativeTarget "Broadcaster" */ = {
			isa = XCConfigurationList;
			buildConfigurations = (
				00C5E199193FB3AC009DA7B9 /* Debug */,
				00C5E19A193FB3AC009DA7B9 /* Release */,
			);
			defaultConfigurationIsVisible = 0;
			defaultConfigurationName = Release;
		};
		00C5E19B193FB3AC009DA7B9 /* Build configuration list for PBXNativeTarget "BroadcasterTests" */ = {
			isa = XCConfigurationList;
			buildConfigurations = (
				00C5E19C193FB3AC009DA7B9 /* Debug */,
				00C5E19D193FB3AC009DA7B9 /* Release */,
			);
			defaultConfigurationIsVisible = 0;
			defaultConfigurationName = Release;
		};
/* End XCConfigurationList section */
	};
	rootObject = 00C5E15B193FB3AC009DA7B9 /* Project object */;
}
