<?xml version="1.0" encoding="UTF-8"?>
<!DOCTYPE plist PUBLIC "-//Apple//DTD PLIST 1.0//EN" "http://www.apple.com/DTDs/PropertyList-1.0.dtd">
<plist version="1.0">
<dict>
	<key>archiveVersion</key>
	<string>1</string>
	<key>classes</key>
	<dict/>
	<key>objectVersion</key>
	<string>46</string>
	<key>objects</key>
	<dict>
		<key>006605841940D13200871ACE</key>
		<dict>
			<key>isa</key>
			<string>PBXFileReference</string>
			<key>lastKnownFileType</key>
			<string>wrapper.framework</string>
			<key>name</key>
			<string>QuartzCore.framework</string>
			<key>path</key>
			<string>System/Library/Frameworks/QuartzCore.framework</string>
			<key>sourceTree</key>
			<string>SDKROOT</string>
		</dict>
		<key>006605851940D13200871ACE</key>
		<dict>
			<key>fileRef</key>
			<string>006605841940D13200871ACE</string>
			<key>isa</key>
			<string>PBXBuildFile</string>
		</dict>
		<key>00ADC6FA1975B09600857375</key>
		<dict>
			<key>fileEncoding</key>
			<string>4</string>
			<key>isa</key>
			<string>PBXFileReference</string>
			<key>lastKnownFileType</key>
			<string>sourcecode.c.h</string>
			<key>path</key>
			<string>CineStreamerViewController.h</string>
			<key>sourceTree</key>
			<string>&lt;group&gt;</string>
		</dict>
		<key>00ADC6FB1975B09600857375</key>
		<dict>
			<key>fileEncoding</key>
			<string>4</string>
			<key>isa</key>
			<string>PBXFileReference</string>
			<key>lastKnownFileType</key>
			<string>sourcecode.cpp.objcpp</string>
			<key>path</key>
			<string>CineStreamerViewController.mm</string>
			<key>sourceTree</key>
			<string>&lt;group&gt;</string>
		</dict>
		<key>00ADC6FC1975B09600857375</key>
		<dict>
			<key>fileRef</key>
			<string>00ADC6FB1975B09600857375</string>
			<key>isa</key>
			<string>PBXBuildFile</string>
		</dict>
		<key>00C5E15A193FB3AC009DA7B9</key>
		<dict>
			<key>children</key>
			<array>
				<string>00C5E1A0193FB761009DA7B9</string>
				<string>00C5E19E193FB74B009DA7B9</string>
				<string>00C5E16C193FB3AC009DA7B9</string>
				<string>00C5E18E193FB3AC009DA7B9</string>
				<string>00C5E165193FB3AC009DA7B9</string>
				<string>00C5E164193FB3AC009DA7B9</string>
				<string>E0E90C5BFAB32008DA227D77</string>
			</array>
			<key>isa</key>
			<string>PBXGroup</string>
			<key>sourceTree</key>
			<string>&lt;group&gt;</string>
		</dict>
		<key>00C5E15B193FB3AC009DA7B9</key>
		<dict>
			<key>attributes</key>
			<dict>
				<key>CLASSPREFIX</key>
				<string>Cine</string>
				<key>LastUpgradeCheck</key>
				<string>0510</string>
				<key>ORGANIZATIONNAME</key>
				<string>cine.io</string>
				<key>TargetAttributes</key>
				<dict>
					<key>00C5E186193FB3AC009DA7B9</key>
					<dict>
						<key>TestTargetID</key>
						<string>00C5E162193FB3AC009DA7B9</string>
					</dict>
				</dict>
			</dict>
			<key>buildConfigurationList</key>
			<string>00C5E15E193FB3AC009DA7B9</string>
			<key>compatibilityVersion</key>
			<string>Xcode 3.2</string>
			<key>developmentRegion</key>
			<string>English</string>
			<key>hasScannedForEncodings</key>
			<string>0</string>
			<key>isa</key>
			<string>PBXProject</string>
			<key>knownRegions</key>
			<array>
				<string>en</string>
				<string>Base</string>
			</array>
			<key>mainGroup</key>
			<string>00C5E15A193FB3AC009DA7B9</string>
			<key>productRefGroup</key>
			<string>00C5E164193FB3AC009DA7B9</string>
			<key>projectDirPath</key>
			<string></string>
			<key>projectReferences</key>
			<array/>
			<key>projectRoot</key>
			<string></string>
			<key>targets</key>
			<array>
				<string>00C5E162193FB3AC009DA7B9</string>
				<string>00C5E186193FB3AC009DA7B9</string>
			</array>
		</dict>
		<key>00C5E15E193FB3AC009DA7B9</key>
		<dict>
			<key>buildConfigurations</key>
			<array>
				<string>00C5E196193FB3AC009DA7B9</string>
				<string>00C5E197193FB3AC009DA7B9</string>
			</array>
			<key>defaultConfigurationIsVisible</key>
			<string>0</string>
			<key>defaultConfigurationName</key>
			<string>Release</string>
			<key>isa</key>
			<string>XCConfigurationList</string>
		</dict>
		<key>00C5E15F193FB3AC009DA7B9</key>
		<dict>
			<key>buildActionMask</key>
			<string>2147483647</string>
			<key>files</key>
			<array>
				<string>00D226F419529E700081E1CD</string>
				<string>00C5E180193FB3AC009DA7B9</string>
				<string>00C5E173193FB3AC009DA7B9</string>
				<string>00C5E177193FB3AC009DA7B9</string>
				<string>00ADC6FC1975B09600857375</string>
			</array>
			<key>isa</key>
			<string>PBXSourcesBuildPhase</string>
			<key>runOnlyForDeploymentPostprocessing</key>
			<string>0</string>
		</dict>
		<key>00C5E160193FB3AC009DA7B9</key>
		<dict>
			<key>buildActionMask</key>
			<string>2147483647</string>
			<key>files</key>
			<array>
				<string>00D226F619529F750081E1CD</string>
				<string>006605851940D13200871ACE</string>
				<string>00C5E169193FB3AC009DA7B9</string>
				<string>00C5E16B193FB3AC009DA7B9</string>
				<string>00C5E167193FB3AC009DA7B9</string>
				<string>F1B189ABA9E24A2C8C3F0B46</string>
			</array>
			<key>isa</key>
			<string>PBXFrameworksBuildPhase</string>
			<key>runOnlyForDeploymentPostprocessing</key>
			<string>0</string>
		</dict>
		<key>00C5E161193FB3AC009DA7B9</key>
		<dict>
			<key>buildActionMask</key>
			<string>2147483647</string>
			<key>files</key>
			<array>
				<string>00C5E1A1193FB761009DA7B9</string>
				<string>00C5E19F193FB74B009DA7B9</string>
				<string>00C5E1A5193FB9EC009DA7B9</string>
				<string>00C5E17D193FB3AC009DA7B9</string>
				<string>00C5E182193FB3AC009DA7B9</string>
				<string>00C5E17A193FB3AC009DA7B9</string>
				<string>00C5E1A3193FB8C2009DA7B9</string>
				<string>00C5E171193FB3AC009DA7B9</string>
			</array>
			<key>isa</key>
			<string>PBXResourcesBuildPhase</string>
			<key>runOnlyForDeploymentPostprocessing</key>
			<string>0</string>
		</dict>
		<key>00C5E162193FB3AC009DA7B9</key>
		<dict>
			<key>buildConfigurationList</key>
			<string>00C5E198193FB3AC009DA7B9</string>
			<key>buildPhases</key>
			<array>
				<string>337577DD23AF49F8B2A91D9E</string>
				<string>00C5E15F193FB3AC009DA7B9</string>
				<string>00C5E160193FB3AC009DA7B9</string>
				<string>00C5E161193FB3AC009DA7B9</string>
				<string>E5BEB6DC29764CAA861D8018</string>
			</array>
			<key>buildRules</key>
			<array/>
			<key>dependencies</key>
			<array/>
			<key>isa</key>
			<string>PBXNativeTarget</string>
			<key>name</key>
			<string>Example</string>
			<key>productName</key>
			<string>Example</string>
			<key>productReference</key>
			<string>00C5E163193FB3AC009DA7B9</string>
			<key>productType</key>
			<string>com.apple.product-type.application</string>
		</dict>
		<key>00C5E163193FB3AC009DA7B9</key>
		<dict>
			<key>explicitFileType</key>
			<string>wrapper.application</string>
			<key>includeInIndex</key>
			<string>0</string>
			<key>isa</key>
			<string>PBXFileReference</string>
			<key>path</key>
			<string>Example.app</string>
			<key>sourceTree</key>
			<string>BUILT_PRODUCTS_DIR</string>
		</dict>
		<key>00C5E164193FB3AC009DA7B9</key>
		<dict>
			<key>children</key>
			<array>
				<string>00C5E163193FB3AC009DA7B9</string>
				<string>00C5E187193FB3AC009DA7B9</string>
			</array>
			<key>isa</key>
			<string>PBXGroup</string>
			<key>name</key>
			<string>Products</string>
			<key>sourceTree</key>
			<string>&lt;group&gt;</string>
		</dict>
		<key>00C5E165193FB3AC009DA7B9</key>
		<dict>
			<key>children</key>
			<array>
				<string>00D226F519529F750081E1CD</string>
				<string>006605841940D13200871ACE</string>
				<string>00C5E166193FB3AC009DA7B9</string>
				<string>00C5E168193FB3AC009DA7B9</string>
				<string>00C5E16A193FB3AC009DA7B9</string>
				<string>00C5E188193FB3AC009DA7B9</string>
				<string>8D51065605F54399B601FB91</string>
			</array>
			<key>isa</key>
			<string>PBXGroup</string>
			<key>name</key>
			<string>Frameworks</string>
			<key>sourceTree</key>
			<string>&lt;group&gt;</string>
		</dict>
		<key>00C5E166193FB3AC009DA7B9</key>
		<dict>
			<key>isa</key>
			<string>PBXFileReference</string>
			<key>lastKnownFileType</key>
			<string>wrapper.framework</string>
			<key>name</key>
			<string>Foundation.framework</string>
			<key>path</key>
			<string>System/Library/Frameworks/Foundation.framework</string>
			<key>sourceTree</key>
			<string>SDKROOT</string>
		</dict>
		<key>00C5E167193FB3AC009DA7B9</key>
		<dict>
			<key>fileRef</key>
			<string>00C5E166193FB3AC009DA7B9</string>
			<key>isa</key>
			<string>PBXBuildFile</string>
		</dict>
		<key>00C5E168193FB3AC009DA7B9</key>
		<dict>
			<key>isa</key>
			<string>PBXFileReference</string>
			<key>lastKnownFileType</key>
			<string>wrapper.framework</string>
			<key>name</key>
			<string>CoreGraphics.framework</string>
			<key>path</key>
			<string>System/Library/Frameworks/CoreGraphics.framework</string>
			<key>sourceTree</key>
			<string>SDKROOT</string>
		</dict>
		<key>00C5E169193FB3AC009DA7B9</key>
		<dict>
			<key>fileRef</key>
			<string>00C5E168193FB3AC009DA7B9</string>
			<key>isa</key>
			<string>PBXBuildFile</string>
		</dict>
		<key>00C5E16A193FB3AC009DA7B9</key>
		<dict>
			<key>isa</key>
			<string>PBXFileReference</string>
			<key>lastKnownFileType</key>
			<string>wrapper.framework</string>
			<key>name</key>
			<string>UIKit.framework</string>
			<key>path</key>
			<string>System/Library/Frameworks/UIKit.framework</string>
			<key>sourceTree</key>
			<string>SDKROOT</string>
		</dict>
		<key>00C5E16B193FB3AC009DA7B9</key>
		<dict>
			<key>fileRef</key>
			<string>00C5E16A193FB3AC009DA7B9</string>
			<key>isa</key>
			<string>PBXBuildFile</string>
		</dict>
		<key>00C5E16C193FB3AC009DA7B9</key>
		<dict>
			<key>children</key>
			<array>
				<string>00C5E175193FB3AC009DA7B9</string>
				<string>00C5E176193FB3AC009DA7B9</string>
				<string>00C5E17B193FB3AC009DA7B9</string>
				<string>00C5E178193FB3AC009DA7B9</string>
				<string>00C5E17E193FB3AC009DA7B9</string>
				<string>00C5E17F193FB3AC009DA7B9</string>
				<string>00ADC6FA1975B09600857375</string>
				<string>00ADC6FB1975B09600857375</string>
				<string>00D226F219529E700081E1CD</string>
				<string>00D226F319529E700081E1CD</string>
				<string>00C5E181193FB3AC009DA7B9</string>
				<string>00C5E16D193FB3AC009DA7B9</string>
			</array>
			<key>isa</key>
			<string>PBXGroup</string>
			<key>path</key>
			<string>Example</string>
			<key>sourceTree</key>
			<string>&lt;group&gt;</string>
		</dict>
		<key>00C5E16D193FB3AC009DA7B9</key>
		<dict>
			<key>children</key>
			<array>
				<string>00C5E16E193FB3AC009DA7B9</string>
				<string>00C5E16F193FB3AC009DA7B9</string>
				<string>00C5E172193FB3AC009DA7B9</string>
				<string>00C5E174193FB3AC009DA7B9</string>
				<string>00C5E1A4193FB9EC009DA7B9</string>
				<string>00C5E1A2193FB8C2009DA7B9</string>
			</array>
			<key>isa</key>
			<string>PBXGroup</string>
			<key>name</key>
			<string>Supporting Files</string>
			<key>sourceTree</key>
			<string>&lt;group&gt;</string>
		</dict>
		<key>00C5E16E193FB3AC009DA7B9</key>
		<dict>
			<key>isa</key>
			<string>PBXFileReference</string>
			<key>lastKnownFileType</key>
			<string>text.plist.xml</string>
			<key>path</key>
			<string>Example-Info.plist</string>
			<key>sourceTree</key>
			<string>&lt;group&gt;</string>
		</dict>
		<key>00C5E16F193FB3AC009DA7B9</key>
		<dict>
			<key>children</key>
			<array>
				<string>00C5E170193FB3AC009DA7B9</string>
			</array>
			<key>isa</key>
			<string>PBXVariantGroup</string>
			<key>name</key>
			<string>InfoPlist.strings</string>
			<key>sourceTree</key>
			<string>&lt;group&gt;</string>
		</dict>
		<key>00C5E170193FB3AC009DA7B9</key>
		<dict>
			<key>isa</key>
			<string>PBXFileReference</string>
			<key>lastKnownFileType</key>
			<string>text.plist.strings</string>
			<key>name</key>
			<string>en</string>
			<key>path</key>
			<string>en.lproj/InfoPlist.strings</string>
			<key>sourceTree</key>
			<string>&lt;group&gt;</string>
		</dict>
		<key>00C5E171193FB3AC009DA7B9</key>
		<dict>
			<key>fileRef</key>
			<string>00C5E16F193FB3AC009DA7B9</string>
			<key>isa</key>
			<string>PBXBuildFile</string>
		</dict>
		<key>00C5E172193FB3AC009DA7B9</key>
		<dict>
			<key>isa</key>
			<string>PBXFileReference</string>
			<key>lastKnownFileType</key>
			<string>sourcecode.c.objc</string>
			<key>path</key>
			<string>main.m</string>
			<key>sourceTree</key>
			<string>&lt;group&gt;</string>
		</dict>
		<key>00C5E173193FB3AC009DA7B9</key>
		<dict>
			<key>fileRef</key>
			<string>00C5E172193FB3AC009DA7B9</string>
			<key>isa</key>
			<string>PBXBuildFile</string>
		</dict>
		<key>00C5E174193FB3AC009DA7B9</key>
		<dict>
			<key>isa</key>
			<string>PBXFileReference</string>
			<key>lastKnownFileType</key>
			<string>sourcecode.c.h</string>
			<key>path</key>
			<string>Example-Prefix.pch</string>
			<key>sourceTree</key>
			<string>&lt;group&gt;</string>
		</dict>
		<key>00C5E175193FB3AC009DA7B9</key>
		<dict>
			<key>isa</key>
			<string>PBXFileReference</string>
			<key>lastKnownFileType</key>
			<string>sourcecode.c.h</string>
			<key>path</key>
			<string>CineAppDelegate.h</string>
			<key>sourceTree</key>
			<string>&lt;group&gt;</string>
		</dict>
		<key>00C5E176193FB3AC009DA7B9</key>
		<dict>
			<key>isa</key>
			<string>PBXFileReference</string>
			<key>lastKnownFileType</key>
			<string>sourcecode.c.objc</string>
			<key>path</key>
			<string>CineAppDelegate.m</string>
			<key>sourceTree</key>
			<string>&lt;group&gt;</string>
		</dict>
		<key>00C5E177193FB3AC009DA7B9</key>
		<dict>
			<key>fileRef</key>
			<string>00C5E176193FB3AC009DA7B9</string>
			<key>isa</key>
			<string>PBXBuildFile</string>
		</dict>
		<key>00C5E178193FB3AC009DA7B9</key>
		<dict>
			<key>children</key>
			<array>
				<string>00C5E179193FB3AC009DA7B9</string>
			</array>
			<key>isa</key>
			<string>PBXVariantGroup</string>
			<key>name</key>
			<string>Main_iPhone.storyboard</string>
			<key>sourceTree</key>
			<string>&lt;group&gt;</string>
		</dict>
		<key>00C5E179193FB3AC009DA7B9</key>
		<dict>
			<key>isa</key>
			<string>PBXFileReference</string>
			<key>lastKnownFileType</key>
			<string>file.storyboard</string>
			<key>name</key>
			<string>Base</string>
			<key>path</key>
			<string>Base.lproj/Main_iPhone.storyboard</string>
			<key>sourceTree</key>
			<string>&lt;group&gt;</string>
		</dict>
		<key>00C5E17A193FB3AC009DA7B9</key>
		<dict>
			<key>fileRef</key>
			<string>00C5E178193FB3AC009DA7B9</string>
			<key>isa</key>
			<string>PBXBuildFile</string>
		</dict>
		<key>00C5E17B193FB3AC009DA7B9</key>
		<dict>
			<key>children</key>
			<array>
				<string>00C5E17C193FB3AC009DA7B9</string>
			</array>
			<key>isa</key>
			<string>PBXVariantGroup</string>
			<key>name</key>
			<string>Main_iPad.storyboard</string>
			<key>sourceTree</key>
			<string>&lt;group&gt;</string>
		</dict>
		<key>00C5E17C193FB3AC009DA7B9</key>
		<dict>
			<key>isa</key>
			<string>PBXFileReference</string>
			<key>lastKnownFileType</key>
			<string>file.storyboard</string>
			<key>name</key>
			<string>Base</string>
			<key>path</key>
			<string>Base.lproj/Main_iPad.storyboard</string>
			<key>sourceTree</key>
			<string>&lt;group&gt;</string>
		</dict>
		<key>00C5E17D193FB3AC009DA7B9</key>
		<dict>
			<key>fileRef</key>
			<string>00C5E17B193FB3AC009DA7B9</string>
			<key>isa</key>
			<string>PBXBuildFile</string>
		</dict>
		<key>00C5E17E193FB3AC009DA7B9</key>
		<dict>
			<key>isa</key>
			<string>PBXFileReference</string>
			<key>lastKnownFileType</key>
			<string>sourcecode.c.h</string>
			<key>path</key>
			<string>CinePublisherViewController.h</string>
			<key>sourceTree</key>
			<string>&lt;group&gt;</string>
		</dict>
		<key>00C5E17F193FB3AC009DA7B9</key>
		<dict>
			<key>isa</key>
			<string>PBXFileReference</string>
			<key>lastKnownFileType</key>
			<string>sourcecode.cpp.objcpp</string>
			<key>path</key>
			<string>CinePublisherViewController.mm</string>
			<key>sourceTree</key>
			<string>&lt;group&gt;</string>
		</dict>
		<key>00C5E180193FB3AC009DA7B9</key>
		<dict>
			<key>fileRef</key>
			<string>00C5E17F193FB3AC009DA7B9</string>
			<key>isa</key>
			<string>PBXBuildFile</string>
		</dict>
		<key>00C5E181193FB3AC009DA7B9</key>
		<dict>
			<key>isa</key>
			<string>PBXFileReference</string>
			<key>lastKnownFileType</key>
			<string>folder.assetcatalog</string>
			<key>path</key>
			<string>Images.xcassets</string>
			<key>sourceTree</key>
			<string>&lt;group&gt;</string>
		</dict>
		<key>00C5E182193FB3AC009DA7B9</key>
		<dict>
			<key>fileRef</key>
			<string>00C5E181193FB3AC009DA7B9</string>
			<key>isa</key>
			<string>PBXBuildFile</string>
		</dict>
		<key>00C5E183193FB3AC009DA7B9</key>
		<dict>
			<key>buildActionMask</key>
			<string>2147483647</string>
			<key>files</key>
			<array>
				<string>00C5E195193FB3AC009DA7B9</string>
			</array>
			<key>isa</key>
			<string>PBXSourcesBuildPhase</string>
			<key>runOnlyForDeploymentPostprocessing</key>
			<string>0</string>
		</dict>
		<key>00C5E184193FB3AC009DA7B9</key>
		<dict>
			<key>buildActionMask</key>
			<string>2147483647</string>
			<key>files</key>
			<array>
				<string>00C5E189193FB3AC009DA7B9</string>
				<string>00C5E18B193FB3AC009DA7B9</string>
				<string>00C5E18A193FB3AC009DA7B9</string>
			</array>
			<key>isa</key>
			<string>PBXFrameworksBuildPhase</string>
			<key>runOnlyForDeploymentPostprocessing</key>
			<string>0</string>
		</dict>
		<key>00C5E185193FB3AC009DA7B9</key>
		<dict>
			<key>buildActionMask</key>
			<string>2147483647</string>
			<key>files</key>
			<array>
				<string>00C5E193193FB3AC009DA7B9</string>
			</array>
			<key>isa</key>
			<string>PBXResourcesBuildPhase</string>
			<key>runOnlyForDeploymentPostprocessing</key>
			<string>0</string>
		</dict>
		<key>00C5E186193FB3AC009DA7B9</key>
		<dict>
			<key>buildConfigurationList</key>
			<string>00C5E19B193FB3AC009DA7B9</string>
			<key>buildPhases</key>
			<array>
				<string>00C5E183193FB3AC009DA7B9</string>
				<string>00C5E184193FB3AC009DA7B9</string>
				<string>00C5E185193FB3AC009DA7B9</string>
			</array>
			<key>buildRules</key>
			<array/>
			<key>dependencies</key>
			<array>
				<string>00C5E18D193FB3AC009DA7B9</string>
			</array>
			<key>isa</key>
			<string>PBXNativeTarget</string>
			<key>name</key>
			<string>ExampleTests</string>
			<key>productName</key>
			<string>ExampleTests</string>
			<key>productReference</key>
			<string>00C5E187193FB3AC009DA7B9</string>
			<key>productType</key>
			<string>com.apple.product-type.bundle.unit-test</string>
		</dict>
		<key>00C5E187193FB3AC009DA7B9</key>
		<dict>
			<key>explicitFileType</key>
			<string>wrapper.cfbundle</string>
			<key>includeInIndex</key>
			<string>0</string>
			<key>isa</key>
			<string>PBXFileReference</string>
			<key>path</key>
			<string>ExampleTests.xctest</string>
			<key>sourceTree</key>
			<string>BUILT_PRODUCTS_DIR</string>
		</dict>
		<key>00C5E188193FB3AC009DA7B9</key>
		<dict>
			<key>isa</key>
			<string>PBXFileReference</string>
			<key>lastKnownFileType</key>
			<string>wrapper.framework</string>
			<key>name</key>
			<string>XCTest.framework</string>
			<key>path</key>
			<string>Library/Frameworks/XCTest.framework</string>
			<key>sourceTree</key>
			<string>DEVELOPER_DIR</string>
		</dict>
		<key>00C5E189193FB3AC009DA7B9</key>
		<dict>
			<key>fileRef</key>
			<string>00C5E188193FB3AC009DA7B9</string>
			<key>isa</key>
			<string>PBXBuildFile</string>
		</dict>
		<key>00C5E18A193FB3AC009DA7B9</key>
		<dict>
			<key>fileRef</key>
			<string>00C5E166193FB3AC009DA7B9</string>
			<key>isa</key>
			<string>PBXBuildFile</string>
		</dict>
		<key>00C5E18B193FB3AC009DA7B9</key>
		<dict>
			<key>fileRef</key>
			<string>00C5E16A193FB3AC009DA7B9</string>
			<key>isa</key>
			<string>PBXBuildFile</string>
		</dict>
		<key>00C5E18C193FB3AC009DA7B9</key>
		<dict>
			<key>containerPortal</key>
			<string>00C5E15B193FB3AC009DA7B9</string>
			<key>isa</key>
			<string>PBXContainerItemProxy</string>
			<key>proxyType</key>
			<string>1</string>
			<key>remoteGlobalIDString</key>
			<string>00C5E162193FB3AC009DA7B9</string>
			<key>remoteInfo</key>
			<string>Example</string>
		</dict>
		<key>00C5E18D193FB3AC009DA7B9</key>
		<dict>
			<key>isa</key>
			<string>PBXTargetDependency</string>
			<key>target</key>
			<string>00C5E162193FB3AC009DA7B9</string>
			<key>targetProxy</key>
			<string>00C5E18C193FB3AC009DA7B9</string>
		</dict>
		<key>00C5E18E193FB3AC009DA7B9</key>
		<dict>
			<key>children</key>
			<array>
				<string>00C5E194193FB3AC009DA7B9</string>
				<string>00C5E18F193FB3AC009DA7B9</string>
			</array>
			<key>isa</key>
			<string>PBXGroup</string>
			<key>path</key>
			<string>ExampleTests</string>
			<key>sourceTree</key>
			<string>&lt;group&gt;</string>
		</dict>
		<key>00C5E18F193FB3AC009DA7B9</key>
		<dict>
			<key>children</key>
			<array>
				<string>00C5E190193FB3AC009DA7B9</string>
				<string>00C5E191193FB3AC009DA7B9</string>
			</array>
			<key>isa</key>
			<string>PBXGroup</string>
			<key>name</key>
			<string>Supporting Files</string>
			<key>sourceTree</key>
			<string>&lt;group&gt;</string>
		</dict>
		<key>00C5E190193FB3AC009DA7B9</key>
		<dict>
			<key>isa</key>
			<string>PBXFileReference</string>
			<key>lastKnownFileType</key>
			<string>text.plist.xml</string>
			<key>path</key>
			<string>ExampleTests-Info.plist</string>
			<key>sourceTree</key>
			<string>&lt;group&gt;</string>
		</dict>
		<key>00C5E191193FB3AC009DA7B9</key>
		<dict>
			<key>children</key>
			<array>
				<string>00C5E192193FB3AC009DA7B9</string>
			</array>
			<key>isa</key>
			<string>PBXVariantGroup</string>
			<key>name</key>
			<string>InfoPlist.strings</string>
			<key>sourceTree</key>
			<string>&lt;group&gt;</string>
		</dict>
		<key>00C5E192193FB3AC009DA7B9</key>
		<dict>
			<key>isa</key>
			<string>PBXFileReference</string>
			<key>lastKnownFileType</key>
			<string>text.plist.strings</string>
			<key>name</key>
			<string>en</string>
			<key>path</key>
			<string>en.lproj/InfoPlist.strings</string>
			<key>sourceTree</key>
			<string>&lt;group&gt;</string>
		</dict>
		<key>00C5E193193FB3AC009DA7B9</key>
		<dict>
			<key>fileRef</key>
			<string>00C5E191193FB3AC009DA7B9</string>
			<key>isa</key>
			<string>PBXBuildFile</string>
		</dict>
		<key>00C5E194193FB3AC009DA7B9</key>
		<dict>
			<key>isa</key>
			<string>PBXFileReference</string>
			<key>lastKnownFileType</key>
			<string>sourcecode.c.objc</string>
			<key>path</key>
			<string>ExampleTests.m</string>
			<key>sourceTree</key>
			<string>&lt;group&gt;</string>
		</dict>
		<key>00C5E195193FB3AC009DA7B9</key>
		<dict>
			<key>fileRef</key>
			<string>00C5E194193FB3AC009DA7B9</string>
			<key>isa</key>
			<string>PBXBuildFile</string>
		</dict>
		<key>00C5E196193FB3AC009DA7B9</key>
		<dict>
			<key>buildSettings</key>
			<dict>
				<key>ALWAYS_SEARCH_USER_PATHS</key>
				<string>NO</string>
				<key>CLANG_CXX_LANGUAGE_STANDARD</key>
				<string>gnu++0x</string>
				<key>CLANG_CXX_LIBRARY</key>
				<string>libc++</string>
				<key>CLANG_ENABLE_MODULES</key>
				<string>YES</string>
				<key>CLANG_ENABLE_OBJC_ARC</key>
				<string>YES</string>
				<key>CLANG_WARN_BOOL_CONVERSION</key>
				<string>YES</string>
				<key>CLANG_WARN_CONSTANT_CONVERSION</key>
				<string>YES</string>
				<key>CLANG_WARN_DIRECT_OBJC_ISA_USAGE</key>
				<string>YES_ERROR</string>
				<key>CLANG_WARN_EMPTY_BODY</key>
				<string>YES</string>
				<key>CLANG_WARN_ENUM_CONVERSION</key>
				<string>YES</string>
				<key>CLANG_WARN_INT_CONVERSION</key>
				<string>YES</string>
				<key>CLANG_WARN_OBJC_ROOT_CLASS</key>
				<string>YES_ERROR</string>
				<key>CLANG_WARN__DUPLICATE_METHOD_MATCH</key>
				<string>YES</string>
				<key>CODE_SIGN_IDENTITY[sdk=iphoneos*]</key>
				<string>iPhone Developer</string>
				<key>COPY_PHASE_STRIP</key>
				<string>NO</string>
				<key>GCC_C_LANGUAGE_STANDARD</key>
				<string>gnu99</string>
				<key>GCC_DYNAMIC_NO_PIC</key>
				<string>NO</string>
				<key>GCC_OPTIMIZATION_LEVEL</key>
				<string>0</string>
				<key>GCC_PREPROCESSOR_DEFINITIONS</key>
				<array>
					<string>DEBUG=1</string>
					<string>$(inherited)</string>
				</array>
				<key>GCC_SYMBOLS_PRIVATE_EXTERN</key>
				<string>NO</string>
				<key>GCC_WARN_64_TO_32_BIT_CONVERSION</key>
				<string>YES</string>
				<key>GCC_WARN_ABOUT_RETURN_TYPE</key>
				<string>YES_ERROR</string>
				<key>GCC_WARN_UNDECLARED_SELECTOR</key>
				<string>YES</string>
				<key>GCC_WARN_UNINITIALIZED_AUTOS</key>
				<string>YES_AGGRESSIVE</string>
				<key>GCC_WARN_UNUSED_FUNCTION</key>
				<string>YES</string>
				<key>GCC_WARN_UNUSED_VARIABLE</key>
				<string>YES</string>
				<key>IPHONEOS_DEPLOYMENT_TARGET</key>
				<string>7.1</string>
				<key>ONLY_ACTIVE_ARCH</key>
				<string>YES</string>
				<key>SDKROOT</key>
				<string>iphoneos</string>
				<key>TARGETED_DEVICE_FAMILY</key>
				<string>1,2</string>
			</dict>
			<key>isa</key>
			<string>XCBuildConfiguration</string>
			<key>name</key>
			<string>Debug</string>
		</dict>
		<key>00C5E197193FB3AC009DA7B9</key>
		<dict>
			<key>buildSettings</key>
			<dict>
				<key>ALWAYS_SEARCH_USER_PATHS</key>
				<string>NO</string>
				<key>CLANG_CXX_LANGUAGE_STANDARD</key>
				<string>gnu++0x</string>
				<key>CLANG_CXX_LIBRARY</key>
				<string>libc++</string>
				<key>CLANG_ENABLE_MODULES</key>
				<string>YES</string>
				<key>CLANG_ENABLE_OBJC_ARC</key>
				<string>YES</string>
				<key>CLANG_WARN_BOOL_CONVERSION</key>
				<string>YES</string>
				<key>CLANG_WARN_CONSTANT_CONVERSION</key>
				<string>YES</string>
				<key>CLANG_WARN_DIRECT_OBJC_ISA_USAGE</key>
				<string>YES_ERROR</string>
				<key>CLANG_WARN_EMPTY_BODY</key>
				<string>YES</string>
				<key>CLANG_WARN_ENUM_CONVERSION</key>
				<string>YES</string>
				<key>CLANG_WARN_INT_CONVERSION</key>
				<string>YES</string>
				<key>CLANG_WARN_OBJC_ROOT_CLASS</key>
				<string>YES_ERROR</string>
				<key>CLANG_WARN__DUPLICATE_METHOD_MATCH</key>
				<string>YES</string>
				<key>CODE_SIGN_IDENTITY[sdk=iphoneos*]</key>
				<string>iPhone Developer</string>
				<key>COPY_PHASE_STRIP</key>
				<string>YES</string>
				<key>ENABLE_NS_ASSERTIONS</key>
				<string>NO</string>
				<key>GCC_C_LANGUAGE_STANDARD</key>
				<string>gnu99</string>
				<key>GCC_WARN_64_TO_32_BIT_CONVERSION</key>
				<string>YES</string>
				<key>GCC_WARN_ABOUT_RETURN_TYPE</key>
				<string>YES_ERROR</string>
				<key>GCC_WARN_UNDECLARED_SELECTOR</key>
				<string>YES</string>
				<key>GCC_WARN_UNINITIALIZED_AUTOS</key>
				<string>YES_AGGRESSIVE</string>
				<key>GCC_WARN_UNUSED_FUNCTION</key>
				<string>YES</string>
				<key>GCC_WARN_UNUSED_VARIABLE</key>
				<string>YES</string>
				<key>IPHONEOS_DEPLOYMENT_TARGET</key>
				<string>7.1</string>
				<key>SDKROOT</key>
				<string>iphoneos</string>
				<key>TARGETED_DEVICE_FAMILY</key>
				<string>1,2</string>
				<key>VALIDATE_PRODUCT</key>
				<string>YES</string>
			</dict>
			<key>isa</key>
			<string>XCBuildConfiguration</string>
			<key>name</key>
			<string>Release</string>
		</dict>
		<key>00C5E198193FB3AC009DA7B9</key>
		<dict>
			<key>buildConfigurations</key>
			<array>
				<string>00C5E199193FB3AC009DA7B9</string>
				<string>00C5E19A193FB3AC009DA7B9</string>
			</array>
			<key>defaultConfigurationIsVisible</key>
			<string>0</string>
			<key>defaultConfigurationName</key>
			<string>Release</string>
			<key>isa</key>
			<string>XCConfigurationList</string>
		</dict>
		<key>00C5E199193FB3AC009DA7B9</key>
		<dict>
			<key>baseConfigurationReference</key>
			<string>4927B8D16676F5F0C04C82E7</string>
			<key>buildSettings</key>
			<dict>
				<key>ASSETCATALOG_COMPILER_APPICON_NAME</key>
				<string>AppIcon</string>
				<key>ASSETCATALOG_COMPILER_LAUNCHIMAGE_NAME</key>
				<string>LaunchImage</string>
				<key>GCC_PRECOMPILE_PREFIX_HEADER</key>
				<string>YES</string>
				<key>GCC_PREFIX_HEADER</key>
				<string>Example/Example-Prefix.pch</string>
				<key>INFOPLIST_FILE</key>
				<string>Example/Example-Info.plist</string>
				<key>PRODUCT_NAME</key>
				<string>$(TARGET_NAME)</string>
				<key>WRAPPER_EXTENSION</key>
				<string>app</string>
			</dict>
			<key>isa</key>
			<string>XCBuildConfiguration</string>
			<key>name</key>
			<string>Debug</string>
		</dict>
		<key>00C5E19A193FB3AC009DA7B9</key>
		<dict>
			<key>baseConfigurationReference</key>
			<string>8450E88C13C78FC240DC1BCB</string>
			<key>buildSettings</key>
			<dict>
				<key>ASSETCATALOG_COMPILER_APPICON_NAME</key>
				<string>AppIcon</string>
				<key>ASSETCATALOG_COMPILER_LAUNCHIMAGE_NAME</key>
				<string>LaunchImage</string>
				<key>GCC_PRECOMPILE_PREFIX_HEADER</key>
				<string>YES</string>
				<key>GCC_PREFIX_HEADER</key>
				<string>Example/Example-Prefix.pch</string>
				<key>INFOPLIST_FILE</key>
				<string>Example/Example-Info.plist</string>
				<key>PRODUCT_NAME</key>
				<string>$(TARGET_NAME)</string>
				<key>WRAPPER_EXTENSION</key>
				<string>app</string>
			</dict>
			<key>isa</key>
			<string>XCBuildConfiguration</string>
			<key>name</key>
			<string>Release</string>
		</dict>
		<key>00C5E19B193FB3AC009DA7B9</key>
		<dict>
			<key>buildConfigurations</key>
			<array>
				<string>00C5E19C193FB3AC009DA7B9</string>
				<string>00C5E19D193FB3AC009DA7B9</string>
			</array>
			<key>defaultConfigurationIsVisible</key>
			<string>0</string>
			<key>defaultConfigurationName</key>
			<string>Release</string>
			<key>isa</key>
			<string>XCConfigurationList</string>
		</dict>
		<key>00C5E19C193FB3AC009DA7B9</key>
		<dict>
			<key>buildSettings</key>
			<dict>
				<key>BUNDLE_LOADER</key>
				<string>$(BUILT_PRODUCTS_DIR)/Example.app/Example</string>
				<key>FRAMEWORK_SEARCH_PATHS</key>
				<array>
					<string>$(SDKROOT)/Developer/Library/Frameworks</string>
					<string>$(inherited)</string>
					<string>$(DEVELOPER_FRAMEWORKS_DIR)</string>
				</array>
				<key>GCC_PRECOMPILE_PREFIX_HEADER</key>
				<string>YES</string>
				<key>GCC_PREFIX_HEADER</key>
				<string>Example/Example-Prefix.pch</string>
				<key>GCC_PREPROCESSOR_DEFINITIONS</key>
				<array>
					<string>DEBUG=1</string>
					<string>$(inherited)</string>
				</array>
				<key>INFOPLIST_FILE</key>
				<string>ExampleTests/ExampleTests-Info.plist</string>
				<key>PRODUCT_NAME</key>
				<string>$(TARGET_NAME)</string>
				<key>TEST_HOST</key>
				<string>$(BUNDLE_LOADER)</string>
				<key>WRAPPER_EXTENSION</key>
				<string>xctest</string>
			</dict>
			<key>isa</key>
			<string>XCBuildConfiguration</string>
			<key>name</key>
			<string>Debug</string>
		</dict>
		<key>00C5E19D193FB3AC009DA7B9</key>
		<dict>
			<key>buildSettings</key>
			<dict>
				<key>BUNDLE_LOADER</key>
				<string>$(BUILT_PRODUCTS_DIR)/Example.app/Example</string>
				<key>FRAMEWORK_SEARCH_PATHS</key>
				<array>
					<string>$(SDKROOT)/Developer/Library/Frameworks</string>
					<string>$(inherited)</string>
					<string>$(DEVELOPER_FRAMEWORKS_DIR)</string>
				</array>
				<key>GCC_PRECOMPILE_PREFIX_HEADER</key>
				<string>YES</string>
				<key>GCC_PREFIX_HEADER</key>
				<string>Example/Example-Prefix.pch</string>
				<key>INFOPLIST_FILE</key>
				<string>ExampleTests/ExampleTests-Info.plist</string>
				<key>PRODUCT_NAME</key>
				<string>$(TARGET_NAME)</string>
				<key>TEST_HOST</key>
				<string>$(BUNDLE_LOADER)</string>
				<key>WRAPPER_EXTENSION</key>
				<string>xctest</string>
			</dict>
			<key>isa</key>
			<string>XCBuildConfiguration</string>
			<key>name</key>
			<string>Release</string>
		</dict>
		<key>00C5E19E193FB74B009DA7B9</key>
		<dict>
			<key>fileEncoding</key>
			<string>4</string>
			<key>isa</key>
			<string>PBXFileReference</string>
			<key>lastKnownFileType</key>
			<string>text</string>
			<key>path</key>
			<string>Podfile</string>
			<key>sourceTree</key>
			<string>&lt;group&gt;</string>
			<key>xcLanguageSpecificationIdentifier</key>
			<string>xcode.lang.ruby</string>
		</dict>
		<key>00C5E19F193FB74B009DA7B9</key>
		<dict>
			<key>fileRef</key>
			<string>00C5E19E193FB74B009DA7B9</string>
			<key>isa</key>
			<string>PBXBuildFile</string>
		</dict>
		<key>00C5E1A0193FB761009DA7B9</key>
		<dict>
			<key>fileEncoding</key>
			<string>4</string>
			<key>isa</key>
			<string>PBXFileReference</string>
			<key>lastKnownFileType</key>
			<string>text</string>
			<key>name</key>
			<string>README.md</string>
			<key>path</key>
			<string>../README.md</string>
			<key>sourceTree</key>
			<string>&lt;group&gt;</string>
		</dict>
		<key>00C5E1A1193FB761009DA7B9</key>
		<dict>
			<key>fileRef</key>
			<string>00C5E1A0193FB761009DA7B9</string>
			<key>isa</key>
			<string>PBXBuildFile</string>
		</dict>
		<key>00C5E1A2193FB8C2009DA7B9</key>
		<dict>
			<key>fileEncoding</key>
			<string>4</string>
			<key>isa</key>
			<string>PBXFileReference</string>
			<key>lastKnownFileType</key>
			<string>text.plist.xml</string>
			<key>path</key>
			<string>cineio-settings.plist</string>
			<key>sourceTree</key>
			<string>&lt;group&gt;</string>
		</dict>
		<key>00C5E1A3193FB8C2009DA7B9</key>
		<dict>
			<key>fileRef</key>
			<string>00C5E1A2193FB8C2009DA7B9</string>
			<key>isa</key>
			<string>PBXBuildFile</string>
		</dict>
		<key>00C5E1A4193FB9EC009DA7B9</key>
		<dict>
			<key>isa</key>
			<string>PBXFileReference</string>
			<key>lastKnownFileType</key>
			<string>text.plist</string>
			<key>path</key>
			<string>SAMPLE-cineio-settings.plist</string>
			<key>sourceTree</key>
			<string>&lt;group&gt;</string>
		</dict>
		<key>00C5E1A5193FB9EC009DA7B9</key>
		<dict>
			<key>fileRef</key>
			<string>00C5E1A4193FB9EC009DA7B9</string>
			<key>isa</key>
			<string>PBXBuildFile</string>
		</dict>
		<key>00D226F219529E700081E1CD</key>
		<dict>
			<key>fileEncoding</key>
			<string>4</string>
			<key>isa</key>
			<string>PBXFileReference</string>
			<key>lastKnownFileType</key>
			<string>sourcecode.c.h</string>
			<key>path</key>
			<string>CineTabBarController.h</string>
			<key>sourceTree</key>
			<string>&lt;group&gt;</string>
		</dict>
		<key>00D226F319529E700081E1CD</key>
		<dict>
			<key>fileEncoding</key>
			<string>4</string>
			<key>isa</key>
			<string>PBXFileReference</string>
			<key>lastKnownFileType</key>
			<string>sourcecode.c.objc</string>
			<key>path</key>
			<string>CineTabBarController.m</string>
			<key>sourceTree</key>
			<string>&lt;group&gt;</string>
		</dict>
		<key>00D226F419529E700081E1CD</key>
		<dict>
			<key>fileRef</key>
			<string>00D226F319529E700081E1CD</string>
			<key>isa</key>
			<string>PBXBuildFile</string>
		</dict>
		<key>00D226F519529F750081E1CD</key>
		<dict>
			<key>isa</key>
			<string>PBXFileReference</string>
			<key>lastKnownFileType</key>
			<string>wrapper.framework</string>
			<key>name</key>
			<string>MediaPlayer.framework</string>
			<key>path</key>
			<string>System/Library/Frameworks/MediaPlayer.framework</string>
			<key>sourceTree</key>
			<string>SDKROOT</string>
		</dict>
		<key>00D226F619529F750081E1CD</key>
		<dict>
			<key>fileRef</key>
			<string>00D226F519529F750081E1CD</string>
			<key>isa</key>
			<string>PBXBuildFile</string>
		</dict>
		<key>337577DD23AF49F8B2A91D9E</key>
		<dict>
			<key>buildActionMask</key>
			<string>2147483647</string>
			<key>files</key>
			<array/>
			<key>inputPaths</key>
			<array/>
			<key>isa</key>
			<string>PBXShellScriptBuildPhase</string>
			<key>name</key>
			<string>Check Pods Manifest.lock</string>
			<key>outputPaths</key>
			<array/>
			<key>runOnlyForDeploymentPostprocessing</key>
			<string>0</string>
			<key>shellPath</key>
			<string>/bin/sh</string>
			<key>shellScript</key>
			<string>diff "${PODS_ROOT}/../Podfile.lock" "${PODS_ROOT}/Manifest.lock" &gt; /dev/null
if [[ $? != 0 ]] ; then
    cat &lt;&lt; EOM
error: The sandbox is not in sync with the Podfile.lock. Run 'pod install' or update your CocoaPods installation.
EOM
    exit 1
fi
</string>
			<key>showEnvVarsInLog</key>
			<string>0</string>
		</dict>
		<key>4927B8D16676F5F0C04C82E7</key>
		<dict>
			<key>includeInIndex</key>
			<string>1</string>
			<key>isa</key>
			<string>PBXFileReference</string>
			<key>lastKnownFileType</key>
			<string>text.xcconfig</string>
			<key>name</key>
			<string>Pods.debug.xcconfig</string>
			<key>path</key>
			<string>Pods/Target Support Files/Pods/Pods.debug.xcconfig</string>
			<key>sourceTree</key>
			<string>&lt;group&gt;</string>
		</dict>
		<key>8450E88C13C78FC240DC1BCB</key>
		<dict>
			<key>includeInIndex</key>
			<string>1</string>
			<key>isa</key>
			<string>PBXFileReference</string>
			<key>lastKnownFileType</key>
			<string>text.xcconfig</string>
			<key>name</key>
			<string>Pods.release.xcconfig</string>
			<key>path</key>
			<string>Pods/Target Support Files/Pods/Pods.release.xcconfig</string>
			<key>sourceTree</key>
			<string>&lt;group&gt;</string>
		</dict>
		<key>8D51065605F54399B601FB91</key>
		<dict>
			<key>explicitFileType</key>
			<string>archive.ar</string>
			<key>includeInIndex</key>
			<string>0</string>
			<key>isa</key>
			<string>PBXFileReference</string>
			<key>path</key>
			<string>libPods.a</string>
			<key>sourceTree</key>
			<string>BUILT_PRODUCTS_DIR</string>
		</dict>
		<key>E0E90C5BFAB32008DA227D77</key>
		<dict>
			<key>children</key>
			<array>
				<string>4927B8D16676F5F0C04C82E7</string>
				<string>8450E88C13C78FC240DC1BCB</string>
			</array>
			<key>isa</key>
			<string>PBXGroup</string>
			<key>name</key>
			<string>Pods</string>
			<key>sourceTree</key>
			<string>&lt;group&gt;</string>
		</dict>
		<key>E5BEB6DC29764CAA861D8018</key>
		<dict>
			<key>buildActionMask</key>
			<string>2147483647</string>
			<key>files</key>
			<array/>
			<key>inputPaths</key>
			<array/>
			<key>isa</key>
			<string>PBXShellScriptBuildPhase</string>
			<key>name</key>
			<string>Copy Pods Resources</string>
			<key>outputPaths</key>
			<array/>
			<key>runOnlyForDeploymentPostprocessing</key>
			<string>0</string>
			<key>shellPath</key>
			<string>/bin/sh</string>
			<key>shellScript</key>
			<string>"${SRCROOT}/Pods/Target Support Files/Pods/Pods-resources.sh"
</string>
			<key>showEnvVarsInLog</key>
			<string>0</string>
		</dict>
		<key>F1B189ABA9E24A2C8C3F0B46</key>
		<dict>
			<key>fileRef</key>
			<string>8D51065605F54399B601FB91</string>
			<key>isa</key>
			<string>PBXBuildFile</string>
		</dict>
	</dict>
	<key>rootObject</key>
	<string>00C5E15B193FB3AC009DA7B9</string>
</dict>
</plist>
